
Microsoft Visual Studio Solution File, Format Version 12.00
# Visual Studio Version 17
VisualStudioVersion = 17.11.35219.272
MinimumVisualStudioVersion = 10.0.40219.1
Project("{FAE04EC0-301F-11D3-BF4B-00C04F79EFBC}") = "Singleton Pattern", "Singleton Pattern\Singleton Pattern.csproj", "{C5E0FBF6-98EF-4A42-84C9-6B7B4D7AA629}"
EndProject
Global
	GlobalSection(SolutionConfigurationPlatforms) = preSolution
		Debug|Any CPU = Debug|Any CPU
		Release|Any CPU = Release|Any CPU
	EndGlobalSection
	GlobalSection(ProjectConfigurationPlatforms) = postSolution
		{C5E0FBF6-98EF-4A42-84C9-6B7B4D7AA629}.Debug|Any CPU.ActiveCfg = Debug|Any CPU
		{C5E0FBF6-98EF-4A42-84C9-6B7B4D7AA629}.Debug|Any CPU.Build.0 = Debug|Any CPU
		{C5E0FBF6-98EF-4A42-84C9-6B7B4D7AA629}.Release|Any CPU.ActiveCfg = Release|Any CPU
		{C5E0FBF6-98EF-4A42-84C9-6B7B4D7AA629}.Release|Any CPU.Build.0 = Release|Any CPU
	EndGlobalSection
	GlobalSection(SolutionProperties) = preSolution
		HideSolutionNode = FALSE
	EndGlobalSection
	GlobalSection(ExtensibilityGlobals) = postSolution
		SolutionGuid = {9ED3619F-58DB-4478-B21F-68492E219C32}
	EndGlobalSection
EndGlobal
